
Microsoft Visual Studio Solution File, Format Version 12.00
# Visual Studio 2012
Project("{FAE04EC0-301F-11D3-BF4B-00C04F79EFBC}") = "EditClientWPF", "EditClientWPF\EditClientWPF.csproj", "{9D9C6CEE-F6D7-4FF8-B99B-0A9CD3B6EFA3}"
EndProject
Project("{FAE04EC0-301F-11D3-BF4B-00C04F79EFBC}") = "EditClientUserCont", "EditClientUserCont\EditClientUserCont.csproj", "{35054BFC-7B22-4BFC-A731-85F4D61566AD}"
EndProject
Global
	GlobalSection(SolutionConfigurationPlatforms) = preSolution
		Debug|Any CPU = Debug|Any CPU
		Release|Any CPU = Release|Any CPU
	EndGlobalSection
	GlobalSection(ProjectConfigurationPlatforms) = postSolution
		{9D9C6CEE-F6D7-4FF8-B99B-0A9CD3B6EFA3}.Debug|Any CPU.ActiveCfg = Debug|Any CPU
		{9D9C6CEE-F6D7-4FF8-B99B-0A9CD3B6EFA3}.Debug|Any CPU.Build.0 = Debug|Any CPU
		{9D9C6CEE-F6D7-4FF8-B99B-0A9CD3B6EFA3}.Release|Any CPU.ActiveCfg = Release|Any CPU
		{9D9C6CEE-F6D7-4FF8-B99B-0A9CD3B6EFA3}.Release|Any CPU.Build.0 = Release|Any CPU
		{35054BFC-7B22-4BFC-A731-85F4D61566AD}.Debug|Any CPU.ActiveCfg = Debug|Any CPU
		{35054BFC-7B22-4BFC-A731-85F4D61566AD}.Debug|Any CPU.Build.0 = Debug|Any CPU
		{35054BFC-7B22-4BFC-A731-85F4D61566AD}.Release|Any CPU.ActiveCfg = Release|Any CPU
		{35054BFC-7B22-4BFC-A731-85F4D61566AD}.Release|Any CPU.Build.0 = Release|Any CPU
	EndGlobalSection
	GlobalSection(SolutionProperties) = preSolution
		HideSolutionNode = FALSE
	EndGlobalSection
EndGlobal
